// !$*UTF8*$!
{
	archiveVersion = 1;
	classes = {
	};
	objectVersion = 55;
	objects = {

/* Begin PBXBuildFile section */
		A9CB6E60286D4C6F00F7D440 /* AppDelegate.swift in Sources */ = {isa = PBXBuildFile; fileRef = A9CB6E5F286D4C6F00F7D440 /* AppDelegate.swift */; };
		A9CB6E62286D4C6F00F7D440 /* SceneDelegate.swift in Sources */ = {isa = PBXBuildFile; fileRef = A9CB6E61286D4C6F00F7D440 /* SceneDelegate.swift */; };
		A9CB6E64286D4C6F00F7D440 /* LoginViewController.swift in Sources */ = {isa = PBXBuildFile; fileRef = A9CB6E63286D4C6F00F7D440 /* LoginViewController.swift */; };
		A9CB6E67286D4C6F00F7D440 /* Main.storyboard in Resources */ = {isa = PBXBuildFile; fileRef = A9CB6E65286D4C6F00F7D440 /* Main.storyboard */; };
		A9CB6E69286D4C7000F7D440 /* Assets.xcassets in Resources */ = {isa = PBXBuildFile; fileRef = A9CB6E68286D4C7000F7D440 /* Assets.xcassets */; };
		A9CB6E6C286D4C7000F7D440 /* LaunchScreen.storyboard in Resources */ = {isa = PBXBuildFile; fileRef = A9CB6E6A286D4C7000F7D440 /* LaunchScreen.storyboard */; };
		E6240242286D765000EECF2D /* CityListViewController.swift in Sources */ = {isa = PBXBuildFile; fileRef = E6240241286D765000EECF2D /* CityListViewController.swift */; };
		E6240244286D766A00EECF2D /* PersonViewController.swift in Sources */ = {isa = PBXBuildFile; fileRef = E6240243286D766A00EECF2D /* PersonViewController.swift */; };
		E6240246286D767C00EECF2D /* RoutesListViewController.swift in Sources */ = {isa = PBXBuildFile; fileRef = E6240245286D767C00EECF2D /* RoutesListViewController.swift */; };
		E6240248286D769100EECF2D /* RouteInfoViewController.swift in Sources */ = {isa = PBXBuildFile; fileRef = E6240247286D769100EECF2D /* RouteInfoViewController.swift */; };
		E624024A286D76A000EECF2D /* DevelopersInfoViewController.swift in Sources */ = {isa = PBXBuildFile; fileRef = E6240249286D76A000EECF2D /* DevelopersInfoViewController.swift */; };
/* End PBXBuildFile section */

/* Begin PBXFileReference section */
		A9CB6E5C286D4C6F00F7D440 /* Run With Pleasure.app */ = {isa = PBXFileReference; explicitFileType = wrapper.application; includeInIndex = 0; path = "Run With Pleasure.app"; sourceTree = BUILT_PRODUCTS_DIR; };
		A9CB6E5F286D4C6F00F7D440 /* AppDelegate.swift */ = {isa = PBXFileReference; lastKnownFileType = sourcecode.swift; path = AppDelegate.swift; sourceTree = "<group>"; };
		A9CB6E61286D4C6F00F7D440 /* SceneDelegate.swift */ = {isa = PBXFileReference; lastKnownFileType = sourcecode.swift; path = SceneDelegate.swift; sourceTree = "<group>"; };
		A9CB6E63286D4C6F00F7D440 /* LoginViewController.swift */ = {isa = PBXFileReference; lastKnownFileType = sourcecode.swift; path = LoginViewController.swift; sourceTree = "<group>"; };
		A9CB6E66286D4C6F00F7D440 /* Base */ = {isa = PBXFileReference; lastKnownFileType = file.storyboard; name = Base; path = Base.lproj/Main.storyboard; sourceTree = "<group>"; };
		A9CB6E68286D4C7000F7D440 /* Assets.xcassets */ = {isa = PBXFileReference; lastKnownFileType = folder.assetcatalog; path = Assets.xcassets; sourceTree = "<group>"; };
		A9CB6E6B286D4C7000F7D440 /* Base */ = {isa = PBXFileReference; lastKnownFileType = file.storyboard; name = Base; path = Base.lproj/LaunchScreen.storyboard; sourceTree = "<group>"; };
		A9CB6E6D286D4C7000F7D440 /* Info.plist */ = {isa = PBXFileReference; lastKnownFileType = text.plist.xml; path = Info.plist; sourceTree = "<group>"; };
		E6240241286D765000EECF2D /* CityListViewController.swift */ = {isa = PBXFileReference; lastKnownFileType = sourcecode.swift; path = CityListViewController.swift; sourceTree = "<group>"; };
		E6240243286D766A00EECF2D /* PersonViewController.swift */ = {isa = PBXFileReference; lastKnownFileType = sourcecode.swift; path = PersonViewController.swift; sourceTree = "<group>"; };
		E6240245286D767C00EECF2D /* RoutesListViewController.swift */ = {isa = PBXFileReference; lastKnownFileType = sourcecode.swift; path = RoutesListViewController.swift; sourceTree = "<group>"; };
		E6240247286D769100EECF2D /* RouteInfoViewController.swift */ = {isa = PBXFileReference; lastKnownFileType = sourcecode.swift; path = RouteInfoViewController.swift; sourceTree = "<group>"; };
		E6240249286D76A000EECF2D /* DevelopersInfoViewController.swift */ = {isa = PBXFileReference; lastKnownFileType = sourcecode.swift; path = DevelopersInfoViewController.swift; sourceTree = "<group>"; };
/* End PBXFileReference section */

/* Begin PBXFrameworksBuildPhase section */
		A9CB6E59286D4C6F00F7D440 /* Frameworks */ = {
			isa = PBXFrameworksBuildPhase;
			buildActionMask = 2147483647;
			files = (
			);
			runOnlyForDeploymentPostprocessing = 0;
		};
/* End PBXFrameworksBuildPhase section */

/* Begin PBXGroup section */
		A9CB6E53286D4C6F00F7D440 = {
			isa = PBXGroup;
			children = (
				A9CB6E5E286D4C6F00F7D440 /* Run With Pleasure */,
				A9CB6E5D286D4C6F00F7D440 /* Products */,
			);
			sourceTree = "<group>";
		};
		A9CB6E5D286D4C6F00F7D440 /* Products */ = {
			isa = PBXGroup;
			children = (
				A9CB6E5C286D4C6F00F7D440 /* Run With Pleasure.app */,
			);
			name = Products;
			sourceTree = "<group>";
		};
		A9CB6E5E286D4C6F00F7D440 /* Run With Pleasure */ = {
			isa = PBXGroup;
			children = (
				E624023F286D75E700EECF2D /* ViewControllers */,
				E624023E286D75DB00EECF2D /* Storyboards */,
				E624023D286D75D400EECF2D /* App */,
				E6240240286D762D00EECF2D /* Resourses */,
			);
			path = "Run With Pleasure";
			sourceTree = "<group>";
		};
		E624023D286D75D400EECF2D /* App */ = {
			isa = PBXGroup;
			children = (
				A9CB6E5F286D4C6F00F7D440 /* AppDelegate.swift */,
				A9CB6E61286D4C6F00F7D440 /* SceneDelegate.swift */,
				A9CB6E6D286D4C7000F7D440 /* Info.plist */,
			);
			path = App;
			sourceTree = "<group>";
		};
		E624023E286D75DB00EECF2D /* Storyboards */ = {
			isa = PBXGroup;
			children = (
				A9CB6E65286D4C6F00F7D440 /* Main.storyboard */,
				A9CB6E6A286D4C7000F7D440 /* LaunchScreen.storyboard */,
			);
			path = Storyboards;
			sourceTree = "<group>";
		};
		E624023F286D75E700EECF2D /* ViewControllers */ = {
			isa = PBXGroup;
			children = (
				A9CB6E63286D4C6F00F7D440 /* LoginViewController.swift */,
				E6240243286D766A00EECF2D /* PersonViewController.swift */,
				E6240249286D76A000EECF2D /* DevelopersInfoViewController.swift */,
				E6240241286D765000EECF2D /* CityListViewController.swift */,
				E6240245286D767C00EECF2D /* RoutesListViewController.swift */,
				E6240247286D769100EECF2D /* RouteInfoViewController.swift */,
			);
			path = ViewControllers;
			sourceTree = "<group>";
		};
		E6240240286D762D00EECF2D /* Resourses */ = {
			isa = PBXGroup;
			children = (
				A9CB6E68286D4C7000F7D440 /* Assets.xcassets */,
			);
			path = Resourses;
			sourceTree = "<group>";
		};
/* End PBXGroup section */

/* Begin PBXNativeTarget section */
		A9CB6E5B286D4C6F00F7D440 /* Run With Pleasure */ = {
			isa = PBXNativeTarget;
			buildConfigurationList = A9CB6E70286D4C7000F7D440 /* Build configuration list for PBXNativeTarget "Run With Pleasure" */;
			buildPhases = (
				A9CB6E58286D4C6F00F7D440 /* Sources */,
				A9CB6E59286D4C6F00F7D440 /* Frameworks */,
				A9CB6E5A286D4C6F00F7D440 /* Resources */,
			);
			buildRules = (
			);
			dependencies = (
			);
			name = "Run With Pleasure";
			productName = "Run With Pleasure";
			productReference = A9CB6E5C286D4C6F00F7D440 /* Run With Pleasure.app */;
			productType = "com.apple.product-type.application";
		};
/* End PBXNativeTarget section */

/* Begin PBXProject section */
		A9CB6E54286D4C6F00F7D440 /* Project object */ = {
			isa = PBXProject;
			attributes = {
				BuildIndependentTargetsInParallel = 1;
				LastSwiftUpdateCheck = 1310;
				LastUpgradeCheck = 1310;
				TargetAttributes = {
					A9CB6E5B286D4C6F00F7D440 = {
						CreatedOnToolsVersion = 13.1;
					};
				};
			};
			buildConfigurationList = A9CB6E57286D4C6F00F7D440 /* Build configuration list for PBXProject "Run With Pleasure" */;
			compatibilityVersion = "Xcode 13.0";
			developmentRegion = en;
			hasScannedForEncodings = 0;
			knownRegions = (
				en,
				Base,
			);
			mainGroup = A9CB6E53286D4C6F00F7D440;
			productRefGroup = A9CB6E5D286D4C6F00F7D440 /* Products */;
			projectDirPath = "";
			projectRoot = "";
			targets = (
				A9CB6E5B286D4C6F00F7D440 /* Run With Pleasure */,
			);
		};
/* End PBXProject section */

/* Begin PBXResourcesBuildPhase section */
		A9CB6E5A286D4C6F00F7D440 /* Resources */ = {
			isa = PBXResourcesBuildPhase;
			buildActionMask = 2147483647;
			files = (
				A9CB6E6C286D4C7000F7D440 /* LaunchScreen.storyboard in Resources */,
				A9CB6E69286D4C7000F7D440 /* Assets.xcassets in Resources */,
				A9CB6E67286D4C6F00F7D440 /* Main.storyboard in Resources */,
			);
			runOnlyForDeploymentPostprocessing = 0;
		};
/* End PBXResourcesBuildPhase section */

/* Begin PBXSourcesBuildPhase section */
		A9CB6E58286D4C6F00F7D440 /* Sources */ = {
			isa = PBXSourcesBuildPhase;
			buildActionMask = 2147483647;
			files = (
				E6240244286D766A00EECF2D /* PersonViewController.swift in Sources */,
				A9CB6E64286D4C6F00F7D440 /* LoginViewController.swift in Sources */,
				E6240246286D767C00EECF2D /* RoutesListViewController.swift in Sources */,
				A9CB6E60286D4C6F00F7D440 /* AppDelegate.swift in Sources */,
				A9CB6E62286D4C6F00F7D440 /* SceneDelegate.swift in Sources */,
				E624024A286D76A000EECF2D /* DevelopersInfoViewController.swift in Sources */,
				E6240242286D765000EECF2D /* CityListViewController.swift in Sources */,
				E6240248286D769100EECF2D /* RouteInfoViewController.swift in Sources */,
			);
			runOnlyForDeploymentPostprocessing = 0;
		};
/* End PBXSourcesBuildPhase section */

/* Begin PBXVariantGroup section */
		A9CB6E65286D4C6F00F7D440 /* Main.storyboard */ = {
			isa = PBXVariantGroup;
			children = (
				A9CB6E66286D4C6F00F7D440 /* Base */,
			);
			name = Main.storyboard;
			sourceTree = "<group>";
		};
		A9CB6E6A286D4C7000F7D440 /* LaunchScreen.storyboard */ = {
			isa = PBXVariantGroup;
			children = (
				A9CB6E6B286D4C7000F7D440 /* Base */,
			);
			name = LaunchScreen.storyboard;
			sourceTree = "<group>";
		};
/* End PBXVariantGroup section */

/* Begin XCBuildConfiguration section */
		A9CB6E6E286D4C7000F7D440 /* Debug */ = {
			isa = XCBuildConfiguration;
			buildSettings = {
				ALWAYS_SEARCH_USER_PATHS = NO;
				CLANG_ANALYZER_NONNULL = YES;
				CLANG_ANALYZER_NUMBER_OBJECT_CONVERSION = YES_AGGRESSIVE;
				CLANG_CXX_LANGUAGE_STANDARD = "gnu++17";
				CLANG_CXX_LIBRARY = "libc++";
				CLANG_ENABLE_MODULES = YES;
				CLANG_ENABLE_OBJC_ARC = YES;
				CLANG_ENABLE_OBJC_WEAK = YES;
				CLANG_WARN_BLOCK_CAPTURE_AUTORELEASING = YES;
				CLANG_WARN_BOOL_CONVERSION = YES;
				CLANG_WARN_COMMA = YES;
				CLANG_WARN_CONSTANT_CONVERSION = YES;
				CLANG_WARN_DEPRECATED_OBJC_IMPLEMENTATIONS = YES;
				CLANG_WARN_DIRECT_OBJC_ISA_USAGE = YES_ERROR;
				CLANG_WARN_DOCUMENTATION_COMMENTS = YES;
				CLANG_WARN_EMPTY_BODY = YES;
				CLANG_WARN_ENUM_CONVERSION = YES;
				CLANG_WARN_INFINITE_RECURSION = YES;
				CLANG_WARN_INT_CONVERSION = YES;
				CLANG_WARN_NON_LITERAL_NULL_CONVERSION = YES;
				CLANG_WARN_OBJC_IMPLICIT_RETAIN_SELF = YES;
				CLANG_WARN_OBJC_LITERAL_CONVERSION = YES;
				CLANG_WARN_OBJC_ROOT_CLASS = YES_ERROR;
				CLANG_WARN_QUOTED_INCLUDE_IN_FRAMEWORK_HEADER = YES;
				CLANG_WARN_RANGE_LOOP_ANALYSIS = YES;
				CLANG_WARN_STRICT_PROTOTYPES = YES;
				CLANG_WARN_SUSPICIOUS_MOVE = YES;
				CLANG_WARN_UNGUARDED_AVAILABILITY = YES_AGGRESSIVE;
				CLANG_WARN_UNREACHABLE_CODE = YES;
				CLANG_WARN__DUPLICATE_METHOD_MATCH = YES;
				COPY_PHASE_STRIP = NO;
				DEBUG_INFORMATION_FORMAT = dwarf;
				ENABLE_STRICT_OBJC_MSGSEND = YES;
				ENABLE_TESTABILITY = YES;
				GCC_C_LANGUAGE_STANDARD = gnu11;
				GCC_DYNAMIC_NO_PIC = NO;
				GCC_NO_COMMON_BLOCKS = YES;
				GCC_OPTIMIZATION_LEVEL = 0;
				GCC_PREPROCESSOR_DEFINITIONS = (
					"DEBUG=1",
					"$(inherited)",
				);
				GCC_WARN_64_TO_32_BIT_CONVERSION = YES;
				GCC_WARN_ABOUT_RETURN_TYPE = YES_ERROR;
				GCC_WARN_UNDECLARED_SELECTOR = YES;
				GCC_WARN_UNINITIALIZED_AUTOS = YES_AGGRESSIVE;
				GCC_WARN_UNUSED_FUNCTION = YES;
				GCC_WARN_UNUSED_VARIABLE = YES;
				IPHONEOS_DEPLOYMENT_TARGET = 15.0;
				MTL_ENABLE_DEBUG_INFO = INCLUDE_SOURCE;
				MTL_FAST_MATH = YES;
				ONLY_ACTIVE_ARCH = YES;
				SDKROOT = iphoneos;
				SWIFT_ACTIVE_COMPILATION_CONDITIONS = DEBUG;
				SWIFT_OPTIMIZATION_LEVEL = "-Onone";
			};
			name = Debug;
		};
		A9CB6E6F286D4C7000F7D440 /* Release */ = {
			isa = XCBuildConfiguration;
			buildSettings = {
				ALWAYS_SEARCH_USER_PATHS = NO;
				CLANG_ANALYZER_NONNULL = YES;
				CLANG_ANALYZER_NUMBER_OBJECT_CONVERSION = YES_AGGRESSIVE;
				CLANG_CXX_LANGUAGE_STANDARD = "gnu++17";
				CLANG_CXX_LIBRARY = "libc++";
				CLANG_ENABLE_MODULES = YES;
				CLANG_ENABLE_OBJC_ARC = YES;
				CLANG_ENABLE_OBJC_WEAK = YES;
				CLANG_WARN_BLOCK_CAPTURE_AUTORELEASING = YES;
				CLANG_WARN_BOOL_CONVERSION = YES;
				CLANG_WARN_COMMA = YES;
				CLANG_WARN_CONSTANT_CONVERSION = YES;
				CLANG_WARN_DEPRECATED_OBJC_IMPLEMENTATIONS = YES;
				CLANG_WARN_DIRECT_OBJC_ISA_USAGE = YES_ERROR;
				CLANG_WARN_DOCUMENTATION_COMMENTS = YES;
				CLANG_WARN_EMPTY_BODY = YES;
				CLANG_WARN_ENUM_CONVERSION = YES;
				CLANG_WARN_INFINITE_RECURSION = YES;
				CLANG_WARN_INT_CONVERSION = YES;
				CLANG_WARN_NON_LITERAL_NULL_CONVERSION = YES;
				CLANG_WARN_OBJC_IMPLICIT_RETAIN_SELF = YES;
				CLANG_WARN_OBJC_LITERAL_CONVERSION = YES;
				CLANG_WARN_OBJC_ROOT_CLASS = YES_ERROR;
				CLANG_WARN_QUOTED_INCLUDE_IN_FRAMEWORK_HEADER = YES;
				CLANG_WARN_RANGE_LOOP_ANALYSIS = YES;
				CLANG_WARN_STRICT_PROTOTYPES = YES;
				CLANG_WARN_SUSPICIOUS_MOVE = YES;
				CLANG_WARN_UNGUARDED_AVAILABILITY = YES_AGGRESSIVE;
				CLANG_WARN_UNREACHABLE_CODE = YES;
				CLANG_WARN__DUPLICATE_METHOD_MATCH = YES;
				COPY_PHASE_STRIP = NO;
				DEBUG_INFORMATION_FORMAT = "dwarf-with-dsym";
				ENABLE_NS_ASSERTIONS = NO;
				ENABLE_STRICT_OBJC_MSGSEND = YES;
				GCC_C_LANGUAGE_STANDARD = gnu11;
				GCC_NO_COMMON_BLOCKS = YES;
				GCC_WARN_64_TO_32_BIT_CONVERSION = YES;
				GCC_WARN_ABOUT_RETURN_TYPE = YES_ERROR;
				GCC_WARN_UNDECLARED_SELECTOR = YES;
				GCC_WARN_UNINITIALIZED_AUTOS = YES_AGGRESSIVE;
				GCC_WARN_UNUSED_FUNCTION = YES;
				GCC_WARN_UNUSED_VARIABLE = YES;
				IPHONEOS_DEPLOYMENT_TARGET = 15.0;
				MTL_ENABLE_DEBUG_INFO = NO;
				MTL_FAST_MATH = YES;
				SDKROOT = iphoneos;
				SWIFT_COMPILATION_MODE = wholemodule;
				SWIFT_OPTIMIZATION_LEVEL = "-O";
				VALIDATE_PRODUCT = YES;
			};
			name = Release;
		};
		A9CB6E71286D4C7000F7D440 /* Debug */ = {
			isa = XCBuildConfiguration;
			buildSettings = {
				ASSETCATALOG_COMPILER_APPICON_NAME = AppIcon;
				ASSETCATALOG_COMPILER_GLOBAL_ACCENT_COLOR_NAME = AccentColor;
				CODE_SIGN_STYLE = Automatic;
				CURRENT_PROJECT_VERSION = 1;
				DEVELOPMENT_TEAM = W9HG2VGZDV;
				GENERATE_INFOPLIST_FILE = YES;
				INFOPLIST_FILE = "Run With Pleasure/App/Info.plist";
				INFOPLIST_KEY_UIApplicationSupportsIndirectInputEvents = YES;
				INFOPLIST_KEY_UILaunchStoryboardName = LaunchScreen;
				INFOPLIST_KEY_UIMainStoryboardFile = Main;
				INFOPLIST_KEY_UISupportedInterfaceOrientations = UIInterfaceOrientationPortrait;
				INFOPLIST_KEY_UISupportedInterfaceOrientations_iPad = "UIInterfaceOrientationPortrait UIInterfaceOrientationPortraitUpsideDown UIInterfaceOrientationLandscapeLeft UIInterfaceOrientationLandscapeRight";
				INFOPLIST_KEY_UISupportedInterfaceOrientations_iPhone = "UIInterfaceOrientationPortrait UIInterfaceOrientationLandscapeLeft UIInterfaceOrientationLandscapeRight";
				IPHONEOS_DEPLOYMENT_TARGET = 14.0;
				LD_RUNPATH_SEARCH_PATHS = (
					"$(inherited)",
					"@executable_path/Frameworks",
				);
				MARKETING_VERSION = 1.0;
				PRODUCT_BUNDLE_IDENTIFIER = "AlexanderBaranchuk.Run-With-Pleasure";
				PRODUCT_NAME = "$(TARGET_NAME)";
				SWIFT_EMIT_LOC_STRINGS = YES;
				SWIFT_VERSION = 5.0;
				TARGETED_DEVICE_FAMILY = 1;
			};
			name = Debug;
		};
		A9CB6E72286D4C7000F7D440 /* Release */ = {
			isa = XCBuildConfiguration;
			buildSettings = {
				ASSETCATALOG_COMPILER_APPICON_NAME = AppIcon;
				ASSETCATALOG_COMPILER_GLOBAL_ACCENT_COLOR_NAME = AccentColor;
				CODE_SIGN_STYLE = Automatic;
				CURRENT_PROJECT_VERSION = 1;
				DEVELOPMENT_TEAM = W9HG2VGZDV;
				GENERATE_INFOPLIST_FILE = YES;
				INFOPLIST_FILE = "Run With Pleasure/App/Info.plist";
				INFOPLIST_KEY_UIApplicationSupportsIndirectInputEvents = YES;
				INFOPLIST_KEY_UILaunchStoryboardName = LaunchScreen;
				INFOPLIST_KEY_UIMainStoryboardFile = Main;
				INFOPLIST_KEY_UISupportedInterfaceOrientations = UIInterfaceOrientationPortrait;
				INFOPLIST_KEY_UISupportedInterfaceOrientations_iPad = "UIInterfaceOrientationPortrait UIInterfaceOrientationPortraitUpsideDown UIInterfaceOrientationLandscapeLeft UIInterfaceOrientationLandscapeRight";
				INFOPLIST_KEY_UISupportedInterfaceOrientations_iPhone = "UIInterfaceOrientationPortrait UIInterfaceOrientationLandscapeLeft UIInterfaceOrientationLandscapeRight";
				IPHONEOS_DEPLOYMENT_TARGET = 14.0;
				LD_RUNPATH_SEARCH_PATHS = (
					"$(inherited)",
					"@executable_path/Frameworks",
				);
				MARKETING_VERSION = 1.0;
				PRODUCT_BUNDLE_IDENTIFIER = "AlexanderBaranchuk.Run-With-Pleasure";
				PRODUCT_NAME = "$(TARGET_NAME)";
				SWIFT_EMIT_LOC_STRINGS = YES;
				SWIFT_VERSION = 5.0;
				TARGETED_DEVICE_FAMILY = 1;
			};
			name = Release;
		};
/* End XCBuildConfiguration section */

/* Begin XCConfigurationList section */
		A9CB6E57286D4C6F00F7D440 /* Build configuration list for PBXProject "Run With Pleasure" */ = {
			isa = XCConfigurationList;
			buildConfigurations = (
				A9CB6E6E286D4C7000F7D440 /* Debug */,
				A9CB6E6F286D4C7000F7D440 /* Release */,
			);
			defaultConfigurationIsVisible = 0;
			defaultConfigurationName = Release;
		};
		A9CB6E70286D4C7000F7D440 /* Build configuration list for PBXNativeTarget "Run With Pleasure" */ = {
			isa = XCConfigurationList;
			buildConfigurations = (
				A9CB6E71286D4C7000F7D440 /* Debug */,
				A9CB6E72286D4C7000F7D440 /* Release */,
			);
			defaultConfigurationIsVisible = 0;
			defaultConfigurationName = Release;
		};
/* End XCConfigurationList section */
	};
	rootObject = A9CB6E54286D4C6F00F7D440 /* Project object */;
}
